
Microsoft Visual Studio Solution File, Format Version 12.00
# Visual Studio Version 17
VisualStudioVersion = 17.7.34221.43
MinimumVisualStudioVersion = 10.0.40219.1
Project("{FAE04EC0-301F-11D3-BF4B-00C04F79EFBC}") = "MailImport", "MailImport\MailImport.csproj", "{BF325AFC-7DD3-4932-878D-8A49F1712B65}"
EndProject
Global
	GlobalSection(SolutionConfigurationPlatforms) = preSolution
		Debug|Any CPU = Debug|Any CPU
		Release|Any CPU = Release|Any CPU
	EndGlobalSection
	GlobalSection(ProjectConfigurationPlatforms) = postSolution
		{BF325AFC-7DD3-4932-878D-8A49F1712B65}.Debug|Any CPU.ActiveCfg = Debug|Any CPU
		{BF325AFC-7DD3-4932-878D-8A49F1712B65}.Debug|Any CPU.Build.0 = Debug|Any CPU
		{BF325AFC-7DD3-4932-878D-8A49F1712B65}.Release|Any CPU.ActiveCfg = Release|Any CPU
		{BF325AFC-7DD3-4932-878D-8A49F1712B65}.Release|Any CPU.Build.0 = Release|Any CPU
	EndGlobalSection
	GlobalSection(SolutionProperties) = preSolution
		HideSolutionNode = FALSE
	EndGlobalSection
	GlobalSection(ExtensibilityGlobals) = postSolution
		SolutionGuid = {594C7A84-1EEE-4610-B344-60FE773517C8}
	EndGlobalSection
EndGlobal
